
Microsoft Visual Studio Solution File, Format Version 12.00
# Visual Studio Version 17
VisualStudioVersion = 17.14.36414.22 d17.14
MinimumVisualStudioVersion = 10.0.40219.1
Project("{FAE04EC0-301F-11D3-BF4B-00C04F79EFBC}") = "api", "api.csproj", "{1139DE32-5946-453C-B177-806146F8B74B}"
EndProject
Global
	GlobalSection(SolutionConfigurationPlatforms) = preSolution
		Debug|Any CPU = Debug|Any CPU
		Release|Any CPU = Release|Any CPU
	EndGlobalSection
	GlobalSection(ProjectConfigurationPlatforms) = postSolution
		{1139DE32-5946-453C-B177-806146F8B74B}.Debug|Any CPU.ActiveCfg = Debug|Any CPU
		{1139DE32-5946-453C-B177-806146F8B74B}.Debug|Any CPU.Build.0 = Debug|Any CPU
		{1139DE32-5946-453C-B177-806146F8B74B}.Release|Any CPU.ActiveCfg = Release|Any CPU
		{1139DE32-5946-453C-B177-806146F8B74B}.Release|Any CPU.Build.0 = Release|Any CPU
	EndGlobalSection
	GlobalSection(SolutionProperties) = preSolution
		HideSolutionNode = FALSE
	EndGlobalSection
	GlobalSection(ExtensibilityGlobals) = postSolution
		SolutionGuid = {20A1BD44-A914-40BA-A8C7-FF6CAF78097E}
	EndGlobalSection
EndGlobal
